
Microsoft Visual Studio Solution File, Format Version 12.00
# Visual Studio Version 16
VisualStudioVersion = 16.0.29006.145
MinimumVisualStudioVersion = 10.0.40219.1
Project("{FAE04EC0-301F-11D3-BF4B-00C04F79EFBC}") = "ULUProject.Server", "..\ULUProject.Server\ULUProject.Server.csproj", "{99BD1E67-0DCB-41B8-919E-AFDDB8D2C80F}"
EndProject
Project("{FAE04EC0-301F-11D3-BF4B-00C04F79EFBC}") = "ULUProject.Client", "..\ULUProject.Client\ULUProject.Client.csproj", "{F3918654-64E2-44D7-B691-61ECCB964D3F}"
EndProject
Project("{FAE04EC0-301F-11D3-BF4B-00C04F79EFBC}") = "ULUProject.Shared", "..\ULUProject.Shared\ULUProject.Shared.csproj", "{3BD466A5-0F2C-40DF-AF33-972E908CBB17}"
EndProject
Global
	GlobalSection(SolutionConfigurationPlatforms) = preSolution
		Debug|Any CPU = Debug|Any CPU
		Release|Any CPU = Release|Any CPU
	EndGlobalSection
	GlobalSection(ProjectConfigurationPlatforms) = postSolution
		{99BD1E67-0DCB-41B8-919E-AFDDB8D2C80F}.Debug|Any CPU.ActiveCfg = Debug|Any CPU
		{99BD1E67-0DCB-41B8-919E-AFDDB8D2C80F}.Debug|Any CPU.Build.0 = Debug|Any CPU
		{99BD1E67-0DCB-41B8-919E-AFDDB8D2C80F}.Release|Any CPU.ActiveCfg = Release|Any CPU
		{99BD1E67-0DCB-41B8-919E-AFDDB8D2C80F}.Release|Any CPU.Build.0 = Release|Any CPU
		{F3918654-64E2-44D7-B691-61ECCB964D3F}.Debug|Any CPU.ActiveCfg = Debug|Any CPU
		{F3918654-64E2-44D7-B691-61ECCB964D3F}.Debug|Any CPU.Build.0 = Debug|Any CPU
		{F3918654-64E2-44D7-B691-61ECCB964D3F}.Release|Any CPU.ActiveCfg = Release|Any CPU
		{F3918654-64E2-44D7-B691-61ECCB964D3F}.Release|Any CPU.Build.0 = Release|Any CPU
		{3BD466A5-0F2C-40DF-AF33-972E908CBB17}.Debug|Any CPU.ActiveCfg = Debug|Any CPU
		{3BD466A5-0F2C-40DF-AF33-972E908CBB17}.Debug|Any CPU.Build.0 = Debug|Any CPU
		{3BD466A5-0F2C-40DF-AF33-972E908CBB17}.Release|Any CPU.ActiveCfg = Release|Any CPU
		{3BD466A5-0F2C-40DF-AF33-972E908CBB17}.Release|Any CPU.Build.0 = Release|Any CPU
	EndGlobalSection
	GlobalSection(SolutionProperties) = preSolution
		HideSolutionNode = FALSE
	EndGlobalSection
	GlobalSection(ExtensibilityGlobals) = postSolution
		SolutionGuid = {6F3E67E0-D022-4F6B-814C-D87D10D489DD}
	EndGlobalSection
EndGlobal
